{
  "name": "projekt",
  "version": "1.0.0",
  "lockfileVersion": 1,
  "requires": true,
  "dependencies": {
    "bootstrap": {
      "version": "4.6.0",
      "resolved": "https://registry.npmjs.org/bootstrap/-/bootstrap-4.6.0.tgz",
      "integrity": "sha512-Io55IuQY3kydzHtbGvQya3H+KorS/M9rSNyfCGCg9WZ4pyT/lCxIlpJgG1GXW/PswzC84Tr2fBYi+7+jFVQQBw=="
    },
    "python-shell": {
      "version": "3.0.0",
      "resolved": "https://registry.npmjs.org/python-shell/-/python-shell-3.0.0.tgz",
      "integrity": "sha512-vlIkpJBwkhtG8d2rBbPEweg+3UXdkoduRZ0jLbIX3efYutBjTdmdmMrEQCQy9tkabH36yUjOhwTPFkH3BvoYZQ=="
    }
  }
}
